// !$*UTF8*$!
{
	archiveVersion = 1;
	classes = {
	};
	objectVersion = 48;
	objects = {

/* Begin PBXBuildFile section */
		612C12341F55C5E1001BF0C7 /* AppDelegate.swift in Sources */ = {isa = PBXBuildFile; fileRef = 612C12331F55C5E1001BF0C7 /* AppDelegate.swift */; };
		612C12361F55C5E1001BF0C7 /* HelloWorldViewController.swift in Sources */ = {isa = PBXBuildFile; fileRef = 612C12351F55C5E1001BF0C7 /* HelloWorldViewController.swift */; };
		612C12391F55C5E1001BF0C7 /* Main.storyboard in Resources */ = {isa = PBXBuildFile; fileRef = 612C12371F55C5E1001BF0C7 /* Main.storyboard */; };
		612C123B1F55C5E1001BF0C7 /* Assets.xcassets in Resources */ = {isa = PBXBuildFile; fileRef = 612C123A1F55C5E1001BF0C7 /* Assets.xcassets */; };
		612C123E1F55C5E1001BF0C7 /* LaunchScreen.storyboard in Resources */ = {isa = PBXBuildFile; fileRef = 612C123C1F55C5E1001BF0C7 /* LaunchScreen.storyboard */; };
		612C12491F55C5E1001BF0C7 /* Hello_WorldTests.swift in Sources */ = {isa = PBXBuildFile; fileRef = 612C12481F55C5E1001BF0C7 /* Hello_WorldTests.swift */; };
		612C12541F55C5E1001BF0C7 /* Hello_WorldUITests.swift in Sources */ = {isa = PBXBuildFile; fileRef = 612C12531F55C5E1001BF0C7 /* Hello_WorldUITests.swift */; };
/* End PBXBuildFile section */

/* Begin PBXContainerItemProxy section */
		612C12451F55C5E1001BF0C7 /* PBXContainerItemProxy */ = {
			isa = PBXContainerItemProxy;
			containerPortal = 612C12281F55C5E1001BF0C7 /* Project object */;
			proxyType = 1;
			remoteGlobalIDString = 612C122F1F55C5E1001BF0C7;
			remoteInfo = "Hello World";
		};
		612C12501F55C5E1001BF0C7 /* PBXContainerItemProxy */ = {
			isa = PBXContainerItemProxy;
			containerPortal = 612C12281F55C5E1001BF0C7 /* Project object */;
			proxyType = 1;
			remoteGlobalIDString = 612C122F1F55C5E1001BF0C7;
			remoteInfo = "Hello World";
		};
/* End PBXContainerItemProxy section */

/* Begin PBXFileReference section */
		612C12301F55C5E1001BF0C7 /* Hello World.app */ = {isa = PBXFileReference; explicitFileType = wrapper.application; includeInIndex = 0; path = "Hello World.app"; sourceTree = BUILT_PRODUCTS_DIR; };
		612C12331F55C5E1001BF0C7 /* AppDelegate.swift */ = {isa = PBXFileReference; lastKnownFileType = sourcecode.swift; path = AppDelegate.swift; sourceTree = "<group>"; };
		612C12351F55C5E1001BF0C7 /* HelloWorldViewController.swift */ = {isa = PBXFileReference; lastKnownFileType = sourcecode.swift; path = HelloWorldViewController.swift; sourceTree = "<group>"; };
		612C12381F55C5E1001BF0C7 /* Base */ = {isa = PBXFileReference; lastKnownFileType = file.storyboard; name = Base; path = Base.lproj/Main.storyboard; sourceTree = "<group>"; };
		612C123A1F55C5E1001BF0C7 /* Assets.xcassets */ = {isa = PBXFileReference; lastKnownFileType = folder.assetcatalog; path = Assets.xcassets; sourceTree = "<group>"; };
		612C123D1F55C5E1001BF0C7 /* Base */ = {isa = PBXFileReference; lastKnownFileType = file.storyboard; name = Base; path = Base.lproj/LaunchScreen.storyboard; sourceTree = "<group>"; };
		612C123F1F55C5E1001BF0C7 /* Info.plist */ = {isa = PBXFileReference; lastKnownFileType = text.plist.xml; path = Info.plist; sourceTree = "<group>"; };
		612C12441F55C5E1001BF0C7 /* Hello WorldTests.xctest */ = {isa = PBXFileReference; explicitFileType = wrapper.cfbundle; includeInIndex = 0; path = "Hello WorldTests.xctest"; sourceTree = BUILT_PRODUCTS_DIR; };
		612C12481F55C5E1001BF0C7 /* Hello_WorldTests.swift */ = {isa = PBXFileReference; lastKnownFileType = sourcecode.swift; path = Hello_WorldTests.swift; sourceTree = "<group>"; };
		612C124A1F55C5E1001BF0C7 /* Info.plist */ = {isa = PBXFileReference; lastKnownFileType = text.plist.xml; path = Info.plist; sourceTree = "<group>"; };
		612C124F1F55C5E1001BF0C7 /* Hello WorldUITests.xctest */ = {isa = PBXFileReference; explicitFileType = wrapper.cfbundle; includeInIndex = 0; path = "Hello WorldUITests.xctest"; sourceTree = BUILT_PRODUCTS_DIR; };
		612C12531F55C5E1001BF0C7 /* Hello_WorldUITests.swift */ = {isa = PBXFileReference; lastKnownFileType = sourcecode.swift; path = Hello_WorldUITests.swift; sourceTree = "<group>"; };
		612C12551F55C5E1001BF0C7 /* Info.plist */ = {isa = PBXFileReference; lastKnownFileType = text.plist.xml; path = Info.plist; sourceTree = "<group>"; };
/* End PBXFileReference section */

/* Begin PBXFrameworksBuildPhase section */
		612C122D1F55C5E1001BF0C7 /* Frameworks */ = {
			isa = PBXFrameworksBuildPhase;
			buildActionMask = 2147483647;
			files = (
			);
			runOnlyForDeploymentPostprocessing = 0;
		};
		612C12411F55C5E1001BF0C7 /* Frameworks */ = {
			isa = PBXFrameworksBuildPhase;
			buildActionMask = 2147483647;
			files = (
			);
			runOnlyForDeploymentPostprocessing = 0;
		};
		612C124C1F55C5E1001BF0C7 /* Frameworks */ = {
			isa = PBXFrameworksBuildPhase;
			buildActionMask = 2147483647;
			files = (
			);
			runOnlyForDeploymentPostprocessing = 0;
		};
/* End PBXFrameworksBuildPhase section */

/* Begin PBXGroup section */
		612C12271F55C5E1001BF0C7 = {
			isa = PBXGroup;
			children = (
				612C12321F55C5E1001BF0C7 /* Hello World */,
				612C12471F55C5E1001BF0C7 /* Hello WorldTests */,
				612C12521F55C5E1001BF0C7 /* Hello WorldUITests */,
				612C12311F55C5E1001BF0C7 /* Products */,
			);
			sourceTree = "<group>";
		};
		612C12311F55C5E1001BF0C7 /* Products */ = {
			isa = PBXGroup;
			children = (
				612C12301F55C5E1001BF0C7 /* Hello World.app */,
				612C12441F55C5E1001BF0C7 /* Hello WorldTests.xctest */,
				612C124F1F55C5E1001BF0C7 /* Hello WorldUITests.xctest */,
			);
			name = Products;
			sourceTree = "<group>";
		};
		612C12321F55C5E1001BF0C7 /* Hello World */ = {
			isa = PBXGroup;
			children = (
				612C12331F55C5E1001BF0C7 /* AppDelegate.swift */,
				612C12351F55C5E1001BF0C7 /* HelloWorldViewController.swift */,
				612C12371F55C5E1001BF0C7 /* Main.storyboard */,
				612C123A1F55C5E1001BF0C7 /* Assets.xcassets */,
				612C123C1F55C5E1001BF0C7 /* LaunchScreen.storyboard */,
				612C123F1F55C5E1001BF0C7 /* Info.plist */,
			);
			path = "Hello World";
			sourceTree = "<group>";
		};
		612C12471F55C5E1001BF0C7 /* Hello WorldTests */ = {
			isa = PBXGroup;
			children = (
				612C12481F55C5E1001BF0C7 /* Hello_WorldTests.swift */,
				612C124A1F55C5E1001BF0C7 /* Info.plist */,
			);
			path = "Hello WorldTests";
			sourceTree = "<group>";
		};
		612C12521F55C5E1001BF0C7 /* Hello WorldUITests */ = {
			isa = PBXGroup;
			children = (
				612C12531F55C5E1001BF0C7 /* Hello_WorldUITests.swift */,
				612C12551F55C5E1001BF0C7 /* Info.plist */,
			);
			path = "Hello WorldUITests";
			sourceTree = "<group>";
		};
/* End PBXGroup section */

/* Begin PBXNativeTarget section */
		612C122F1F55C5E1001BF0C7 /* Hello World */ = {
			isa = PBXNativeTarget;
			buildConfigurationList = 612C12581F55C5E1001BF0C7 /* Build configuration list for PBXNativeTarget "Hello World" */;
			buildPhases = (
				612C122C1F55C5E1001BF0C7 /* Sources */,
				612C122D1F55C5E1001BF0C7 /* Frameworks */,
				612C122E1F55C5E1001BF0C7 /* Resources */,
			);
			buildRules = (
			);
			dependencies = (
			);
			name = "Hello World";
			productName = "Hello World";
			productReference = 612C12301F55C5E1001BF0C7 /* Hello World.app */;
			productType = "com.apple.product-type.application";
		};
		612C12431F55C5E1001BF0C7 /* Hello WorldTests */ = {
			isa = PBXNativeTarget;
			buildConfigurationList = 612C125B1F55C5E1001BF0C7 /* Build configuration list for PBXNativeTarget "Hello WorldTests" */;
			buildPhases = (
				612C12401F55C5E1001BF0C7 /* Sources */,
				612C12411F55C5E1001BF0C7 /* Frameworks */,
				612C12421F55C5E1001BF0C7 /* Resources */,
			);
			buildRules = (
			);
			dependencies = (
				612C12461F55C5E1001BF0C7 /* PBXTargetDependency */,
			);
			name = "Hello WorldTests";
			productName = "Hello WorldTests";
			productReference = 612C12441F55C5E1001BF0C7 /* Hello WorldTests.xctest */;
			productType = "com.apple.product-type.bundle.unit-test";
		};
		612C124E1F55C5E1001BF0C7 /* Hello WorldUITests */ = {
			isa = PBXNativeTarget;
			buildConfigurationList = 612C125E1F55C5E1001BF0C7 /* Build configuration list for PBXNativeTarget "Hello WorldUITests" */;
			buildPhases = (
				612C124B1F55C5E1001BF0C7 /* Sources */,
				612C124C1F55C5E1001BF0C7 /* Frameworks */,
				612C124D1F55C5E1001BF0C7 /* Resources */,
			);
			buildRules = (
			);
			dependencies = (
				612C12511F55C5E1001BF0C7 /* PBXTargetDependency */,
			);
			name = "Hello WorldUITests";
			productName = "Hello WorldUITests";
			productReference = 612C124F1F55C5E1001BF0C7 /* Hello WorldUITests.xctest */;
			productType = "com.apple.product-type.bundle.ui-testing";
		};
/* End PBXNativeTarget section */

/* Begin PBXProject section */
		612C12281F55C5E1001BF0C7 /* Project object */ = {
			isa = PBXProject;
			attributes = {
				LastSwiftUpdateCheck = 0900;
				LastUpgradeCheck = 0900;
				ORGANIZATIONNAME = "Chandler, Jackson C. (MU-Student)";
				TargetAttributes = {
					612C122F1F55C5E1001BF0C7 = {
						CreatedOnToolsVersion = 9.0;
						ProvisioningStyle = Automatic;
					};
					612C12431F55C5E1001BF0C7 = {
						CreatedOnToolsVersion = 9.0;
						ProvisioningStyle = Automatic;
						TestTargetID = 612C122F1F55C5E1001BF0C7;
					};
					612C124E1F55C5E1001BF0C7 = {
						CreatedOnToolsVersion = 9.0;
						ProvisioningStyle = Automatic;
						TestTargetID = 612C122F1F55C5E1001BF0C7;
					};
				};
			};
			buildConfigurationList = 612C122B1F55C5E1001BF0C7 /* Build configuration list for PBXProject "Hello World" */;
			compatibilityVersion = "Xcode 8.0";
			developmentRegion = en;
			hasScannedForEncodings = 0;
			knownRegions = (
				en,
				Base,
			);
			mainGroup = 612C12271F55C5E1001BF0C7;
			productRefGroup = 612C12311F55C5E1001BF0C7 /* Products */;
			projectDirPath = "";
			projectRoot = "";
			targets = (
				612C122F1F55C5E1001BF0C7 /* Hello World */,
				612C12431F55C5E1001BF0C7 /* Hello WorldTests */,
				612C124E1F55C5E1001BF0C7 /* Hello WorldUITests */,
			);
		};
/* End PBXProject section */

/* Begin PBXResourcesBuildPhase section */
		612C122E1F55C5E1001BF0C7 /* Resources */ = {
			isa = PBXResourcesBuildPhase;
			buildActionMask = 2147483647;
			files = (
				612C123E1F55C5E1001BF0C7 /* LaunchScreen.storyboard in Resources */,
				612C123B1F55C5E1001BF0C7 /* Assets.xcassets in Resources */,
				612C12391F55C5E1001BF0C7 /* Main.storyboard in Resources */,
			);
			runOnlyForDeploymentPostprocessing = 0;
		};
		612C12421F55C5E1001BF0C7 /* Resources */ = {
			isa = PBXResourcesBuildPhase;
			buildActionMask = 2147483647;
			files = (
			);
			runOnlyForDeploymentPostprocessing = 0;
		};
		612C124D1F55C5E1001BF0C7 /* Resources */ = {
			isa = PBXResourcesBuildPhase;
			buildActionMask = 2147483647;
			files = (
			);
			runOnlyForDeploymentPostprocessing = 0;
		};
/* End PBXResourcesBuildPhase section */

/* Begin PBXSourcesBuildPhase section */
		612C122C1F55C5E1001BF0C7 /* Sources */ = {
			isa = PBXSourcesBuildPhase;
			buildActionMask = 2147483647;
			files = (
				612C12361F55C5E1001BF0C7 /* HelloWorldViewController.swift in Sources */,
				612C12341F55C5E1001BF0C7 /* AppDelegate.swift in Sources */,
			);
			runOnlyForDeploymentPostprocessing = 0;
		};
		612C12401F55C5E1001BF0C7 /* Sources */ = {
			isa = PBXSourcesBuildPhase;
			buildActionMask = 2147483647;
			files = (
				612C12491F55C5E1001BF0C7 /* Hello_WorldTests.swift in Sources */,
			);
			runOnlyForDeploymentPostprocessing = 0;
		};
		612C124B1F55C5E1001BF0C7 /* Sources */ = {
			isa = PBXSourcesBuildPhase;
			buildActionMask = 2147483647;
			files = (
				612C12541F55C5E1001BF0C7 /* Hello_WorldUITests.swift in Sources */,
			);
			runOnlyForDeploymentPostprocessing = 0;
		};
/* End PBXSourcesBuildPhase section */

/* Begin PBXTargetDependency section */
		612C12461F55C5E1001BF0C7 /* PBXTargetDependency */ = {
			isa = PBXTargetDependency;
			target = 612C122F1F55C5E1001BF0C7 /* Hello World */;
			targetProxy = 612C12451F55C5E1001BF0C7 /* PBXContainerItemProxy */;
		};
		612C12511F55C5E1001BF0C7 /* PBXTargetDependency */ = {
			isa = PBXTargetDependency;
			target = 612C122F1F55C5E1001BF0C7 /* Hello World */;
			targetProxy = 612C12501F55C5E1001BF0C7 /* PBXContainerItemProxy */;
		};
/* End PBXTargetDependency section */

/* Begin PBXVariantGroup section */
		612C12371F55C5E1001BF0C7 /* Main.storyboard */ = {
			isa = PBXVariantGroup;
			children = (
				612C12381F55C5E1001BF0C7 /* Base */,
			);
			name = Main.storyboard;
			sourceTree = "<group>";
		};
		612C123C1F55C5E1001BF0C7 /* LaunchScreen.storyboard */ = {
			isa = PBXVariantGroup;
			children = (
				612C123D1F55C5E1001BF0C7 /* Base */,
			);
			name = LaunchScreen.storyboard;
			sourceTree = "<group>";
		};
/* End PBXVariantGroup section */

/* Begin XCBuildConfiguration section */
		612C12561F55C5E1001BF0C7 /* Debug */ = {
			isa = XCBuildConfiguration;
			buildSettings = {
				ALWAYS_SEARCH_USER_PATHS = NO;
				CLANG_ANALYZER_NONNULL = YES;
				CLANG_ANALYZER_NUMBER_OBJECT_CONVERSION = YES_AGGRESSIVE;
				CLANG_CXX_LANGUAGE_STANDARD = "gnu++14";
				CLANG_CXX_LIBRARY = "libc++";
				CLANG_ENABLE_MODULES = YES;
				CLANG_ENABLE_OBJC_ARC = YES;
				CLANG_WARN_BLOCK_CAPTURE_AUTORELEASING = YES;
				CLANG_WARN_BOOL_CONVERSION = YES;
				CLANG_WARN_COMMA = YES;
				CLANG_WARN_CONSTANT_CONVERSION = YES;
				CLANG_WARN_DIRECT_OBJC_ISA_USAGE = YES_ERROR;
				CLANG_WARN_DOCUMENTATION_COMMENTS = YES;
				CLANG_WARN_EMPTY_BODY = YES;
				CLANG_WARN_ENUM_CONVERSION = YES;
				CLANG_WARN_INFINITE_RECURSION = YES;
				CLANG_WARN_INT_CONVERSION = YES;
				CLANG_WARN_NON_LITERAL_NULL_CONVERSION = YES;
				CLANG_WARN_OBJC_LITERAL_CONVERSION = YES;
				CLANG_WARN_OBJC_ROOT_CLASS = YES_ERROR;
				CLANG_WARN_RANGE_LOOP_ANALYSIS = YES;
				CLANG_WARN_STRICT_PROTOTYPES = YES;
				CLANG_WARN_SUSPICIOUS_MOVE = YES;
				CLANG_WARN_UNGUARDED_AVAILABILITY = YES_AGGRESSIVE;
				CLANG_WARN_UNREACHABLE_CODE = YES;
				CLANG_WARN__DUPLICATE_METHOD_MATCH = YES;
				CODE_SIGN_IDENTITY = "iPhone Developer";
				COPY_PHASE_STRIP = NO;
				DEBUG_INFORMATION_FORMAT = dwarf;
				ENABLE_STRICT_OBJC_MSGSEND = YES;
				ENABLE_TESTABILITY = YES;
				GCC_C_LANGUAGE_STANDARD = gnu11;
				GCC_DYNAMIC_NO_PIC = NO;
				GCC_NO_COMMON_BLOCKS = YES;
				GCC_OPTIMIZATION_LEVEL = 0;
				GCC_PREPROCESSOR_DEFINITIONS = (
					"DEBUG=1",
					"$(inherited)",
				);
				GCC_WARN_64_TO_32_BIT_CONVERSION = YES;
				GCC_WARN_ABOUT_RETURN_TYPE = YES_ERROR;
				GCC_WARN_UNDECLARED_SELECTOR = YES;
				GCC_WARN_UNINITIALIZED_AUTOS = YES_AGGRESSIVE;
				GCC_WARN_UNUSED_FUNCTION = YES;
				GCC_WARN_UNUSED_VARIABLE = YES;
				IPHONEOS_DEPLOYMENT_TARGET = 11.0;
				MTL_ENABLE_DEBUG_INFO = YES;
				ONLY_ACTIVE_ARCH = YES;
				SDKROOT = iphoneos;
				SWIFT_ACTIVE_COMPILATION_CONDITIONS = DEBUG;
				SWIFT_OPTIMIZATION_LEVEL = "-Onone";
			};
			name = Debug;
		};
		612C12571F55C5E1001BF0C7 /* Release */ = {
			isa = XCBuildConfiguration;
			buildSettings = {
				ALWAYS_SEARCH_USER_PATHS = NO;
				CLANG_ANALYZER_NONNULL = YES;
				CLANG_ANALYZER_NUMBER_OBJECT_CONVERSION = YES_AGGRESSIVE;
				CLANG_CXX_LANGUAGE_STANDARD = "gnu++14";
				CLANG_CXX_LIBRARY = "libc++";
				CLANG_ENABLE_MODULES = YES;
				CLANG_ENABLE_OBJC_ARC = YES;
				CLANG_WARN_BLOCK_CAPTURE_AUTORELEASING = YES;
				CLANG_WARN_BOOL_CONVERSION = YES;
				CLANG_WARN_COMMA = YES;
				CLANG_WARN_CONSTANT_CONVERSION = YES;
				CLANG_WARN_DIRECT_OBJC_ISA_USAGE = YES_ERROR;
				CLANG_WARN_DOCUMENTATION_COMMENTS = YES;
				CLANG_WARN_EMPTY_BODY = YES;
				CLANG_WARN_ENUM_CONVERSION = YES;
				CLANG_WARN_INFINITE_RECURSION = YES;
				CLANG_WARN_INT_CONVERSION = YES;
				CLANG_WARN_NON_LITERAL_NULL_CONVERSION = YES;
				CLANG_WARN_OBJC_LITERAL_CONVERSION = YES;
				CLANG_WARN_OBJC_ROOT_CLASS = YES_ERROR;
				CLANG_WARN_RANGE_LOOP_ANALYSIS = YES;
				CLANG_WARN_STRICT_PROTOTYPES = YES;
				CLANG_WARN_SUSPICIOUS_MOVE = YES;
				CLANG_WARN_UNGUARDED_AVAILABILITY = YES_AGGRESSIVE;
				CLANG_WARN_UNREACHABLE_CODE = YES;
				CLANG_WARN__DUPLICATE_METHOD_MATCH = YES;
				CODE_SIGN_IDENTITY = "iPhone Developer";
				COPY_PHASE_STRIP = NO;
				DEBUG_INFORMATION_FORMAT = "dwarf-with-dsym";
				ENABLE_NS_ASSERTIONS = NO;
				ENABLE_STRICT_OBJC_MSGSEND = YES;
				GCC_C_LANGUAGE_STANDARD = gnu11;
				GCC_NO_COMMON_BLOCKS = YES;
				GCC_WARN_64_TO_32_BIT_CONVERSION = YES;
				GCC_WARN_ABOUT_RETURN_TYPE = YES_ERROR;
				GCC_WARN_UNDECLARED_SELECTOR = YES;
				GCC_WARN_UNINITIALIZED_AUTOS = YES_AGGRESSIVE;
				GCC_WARN_UNUSED_FUNCTION = YES;
				GCC_WARN_UNUSED_VARIABLE = YES;
				IPHONEOS_DEPLOYMENT_TARGET = 11.0;
				MTL_ENABLE_DEBUG_INFO = NO;
				SDKROOT = iphoneos;
				SWIFT_OPTIMIZATION_LEVEL = "-Owholemodule";
				VALIDATE_PRODUCT = YES;
			};
			name = Release;
		};
		612C12591F55C5E1001BF0C7 /* Debug */ = {
			isa = XCBuildConfiguration;
			buildSettings = {
				ASSETCATALOG_COMPILER_APPICON_NAME = AppIcon;
				CODE_SIGN_STYLE = Automatic;
				DEVELOPMENT_TEAM = "";
				INFOPLIST_FILE = "Hello World/Info.plist";
				LD_RUNPATH_SEARCH_PATHS = "$(inherited) @executable_path/Frameworks";
				PRODUCT_BUNDLE_IDENTIFIER = "jccyb4.Hello-World";
				PRODUCT_NAME = "$(TARGET_NAME)";
				SWIFT_VERSION = 4.0;
				TARGETED_DEVICE_FAMILY = "1,2";
			};
			name = Debug;
		};
		612C125A1F55C5E1001BF0C7 /* Release */ = {
			isa = XCBuildConfiguration;
			buildSettings = {
				ASSETCATALOG_COMPILER_APPICON_NAME = AppIcon;
				CODE_SIGN_STYLE = Automatic;
				DEVELOPMENT_TEAM = "";
				INFOPLIST_FILE = "Hello World/Info.plist";
				LD_RUNPATH_SEARCH_PATHS = "$(inherited) @executable_path/Frameworks";
				PRODUCT_BUNDLE_IDENTIFIER = "jccyb4.Hello-World";
				PRODUCT_NAME = "$(TARGET_NAME)";
				SWIFT_VERSION = 4.0;
				TARGETED_DEVICE_FAMILY = "1,2";
			};
			name = Release;
		};
		612C125C1F55C5E1001BF0C7 /* Debug */ = {
			isa = XCBuildConfiguration;
			buildSettings = {
				ALWAYS_EMBED_SWIFT_STANDARD_LIBRARIES = YES;
				BUNDLE_LOADER = "$(TEST_HOST)";
				CODE_SIGN_STYLE = Automatic;
				INFOPLIST_FILE = "Hello WorldTests/Info.plist";
				LD_RUNPATH_SEARCH_PATHS = "$(inherited) @executable_path/Frameworks @loader_path/Frameworks";
				PRODUCT_BUNDLE_IDENTIFIER = "jccyb4.Hello-WorldTests";
				PRODUCT_NAME = "$(TARGET_NAME)";
				SWIFT_VERSION = 4.0;
				TARGETED_DEVICE_FAMILY = "1,2";
				TEST_HOST = "$(BUILT_PRODUCTS_DIR)/Hello World.app/Hello World";
			};
			name = Debug;
		};
		612C125D1F55C5E1001BF0C7 /* Release */ = {
			isa = XCBuildConfiguration;
			buildSettings = {
				ALWAYS_EMBED_SWIFT_STANDARD_LIBRARIES = YES;
				BUNDLE_LOADER = "$(TEST_HOST)";
				CODE_SIGN_STYLE = Automatic;
				INFOPLIST_FILE = "Hello WorldTests/Info.plist";
				LD_RUNPATH_SEARCH_PATHS = "$(inherited) @executable_path/Frameworks @loader_path/Frameworks";
				PRODUCT_BUNDLE_IDENTIFIER = "jccyb4.Hello-WorldTests";
				PRODUCT_NAME = "$(TARGET_NAME)";
				SWIFT_VERSION = 4.0;
				TARGETED_DEVICE_FAMILY = "1,2";
				TEST_HOST = "$(BUILT_PRODUCTS_DIR)/Hello World.app/Hello World";
			};
			name = Release;
		};
		612C125F1F55C5E1001BF0C7 /* Debug */ = {
			isa = XCBuildConfiguration;
			buildSettings = {
				ALWAYS_EMBED_SWIFT_STANDARD_LIBRARIES = YES;
				CODE_SIGN_STYLE = Automatic;
				INFOPLIST_FILE = "Hello WorldUITests/Info.plist";
				LD_RUNPATH_SEARCH_PATHS = "$(inherited) @executable_path/Frameworks @loader_path/Frameworks";
				PRODUCT_BUNDLE_IDENTIFIER = "jccyb4.Hello-WorldUITests";
				PRODUCT_NAME = "$(TARGET_NAME)";
				SWIFT_VERSION = 4.0;
				TARGETED_DEVICE_FAMILY = "1,2";
				TEST_TARGET_NAME = "Hello World";
			};
			name = Debug;
		};
		612C12601F55C5E1001BF0C7 /* Release */ = {
			isa = XCBuildConfiguration;
			buildSettings = {
				ALWAYS_EMBED_SWIFT_STANDARD_LIBRARIES = YES;
				CODE_SIGN_STYLE = Automatic;
				INFOPLIST_FILE = "Hello WorldUITests/Info.plist";
				LD_RUNPATH_SEARCH_PATHS = "$(inherited) @executable_path/Frameworks @loader_path/Frameworks";
				PRODUCT_BUNDLE_IDENTIFIER = "jccyb4.Hello-WorldUITests";
				PRODUCT_NAME = "$(TARGET_NAME)";
				SWIFT_VERSION = 4.0;
				TARGETED_DEVICE_FAMILY = "1,2";
				TEST_TARGET_NAME = "Hello World";
			};
			name = Release;
		};
/* End XCBuildConfiguration section */

/* Begin XCConfigurationList section */
		612C122B1F55C5E1001BF0C7 /* Build configuration list for PBXProject "Hello World" */ = {
			isa = XCConfigurationList;
			buildConfigurations = (
				612C12561F55C5E1001BF0C7 /* Debug */,
				612C12571F55C5E1001BF0C7 /* Release */,
			);
			defaultConfigurationIsVisible = 0;
			defaultConfigurationName = Release;
		};
		612C12581F55C5E1001BF0C7 /* Build configuration list for PBXNativeTarget "Hello World" */ = {
			isa = XCConfigurationList;
			buildConfigurations = (
				612C12591F55C5E1001BF0C7 /* Debug */,
				612C125A1F55C5E1001BF0C7 /* Release */,
			);
			defaultConfigurationIsVisible = 0;
			defaultConfigurationName = Release;
		};
		612C125B1F55C5E1001BF0C7 /* Build configuration list for PBXNativeTarget "Hello WorldTests" */ = {
			isa = XCConfigurationList;
			buildConfigurations = (
				612C125C1F55C5E1001BF0C7 /* Debug */,
				612C125D1F55C5E1001BF0C7 /* Release */,
			);
			defaultConfigurationIsVisible = 0;
			defaultConfigurationName = Release;
		};
		612C125E1F55C5E1001BF0C7 /* Build configuration list for PBXNativeTarget "Hello WorldUITests" */ = {
			isa = XCConfigurationList;
			buildConfigurations = (
				612C125F1F55C5E1001BF0C7 /* Debug */,
				612C12601F55C5E1001BF0C7 /* Release */,
			);
			defaultConfigurationIsVisible = 0;
			defaultConfigurationName = Release;
		};
/* End XCConfigurationList section */
	};
	rootObject = 612C12281F55C5E1001BF0C7 /* Project object */;
}
