// !$*UTF8*$!
{
	archiveVersion = 1;
	classes = {
	};
	objectVersion = 48;
	objects = {

/* Begin PBXBuildFile section */
		6140B5C01F71741700F57D9D /* AppDelegate.swift in Sources */ = {isa = PBXBuildFile; fileRef = 6140B5BF1F71741700F57D9D /* AppDelegate.swift */; };
		6140B5C21F71741700F57D9D /* ViewController.swift in Sources */ = {isa = PBXBuildFile; fileRef = 6140B5C11F71741700F57D9D /* ViewController.swift */; };
		6140B5C51F71741700F57D9D /* Main.storyboard in Resources */ = {isa = PBXBuildFile; fileRef = 6140B5C31F71741700F57D9D /* Main.storyboard */; };
		6140B5C71F71741700F57D9D /* Assets.xcassets in Resources */ = {isa = PBXBuildFile; fileRef = 6140B5C61F71741700F57D9D /* Assets.xcassets */; };
		6140B5CA1F71741700F57D9D /* LaunchScreen.storyboard in Resources */ = {isa = PBXBuildFile; fileRef = 6140B5C81F71741700F57D9D /* LaunchScreen.storyboard */; };
		6140B5D51F71741800F57D9D /* PersonUITests.swift in Sources */ = {isa = PBXBuildFile; fileRef = 6140B5D41F71741800F57D9D /* PersonUITests.swift */; };
		6140B5E01F71741800F57D9D /* PersonUIUITests.swift in Sources */ = {isa = PBXBuildFile; fileRef = 6140B5DF1F71741800F57D9D /* PersonUIUITests.swift */; };
/* End PBXBuildFile section */

/* Begin PBXContainerItemProxy section */
		6140B5D11F71741800F57D9D /* PBXContainerItemProxy */ = {
			isa = PBXContainerItemProxy;
			containerPortal = 6140B5B41F71741700F57D9D /* Project object */;
			proxyType = 1;
			remoteGlobalIDString = 6140B5BB1F71741700F57D9D;
			remoteInfo = PersonUI;
		};
		6140B5DC1F71741800F57D9D /* PBXContainerItemProxy */ = {
			isa = PBXContainerItemProxy;
			containerPortal = 6140B5B41F71741700F57D9D /* Project object */;
			proxyType = 1;
			remoteGlobalIDString = 6140B5BB1F71741700F57D9D;
			remoteInfo = PersonUI;
		};
/* End PBXContainerItemProxy section */

/* Begin PBXFileReference section */
		6140B5BC1F71741700F57D9D /* PersonUI.app */ = {isa = PBXFileReference; explicitFileType = wrapper.application; includeInIndex = 0; path = PersonUI.app; sourceTree = BUILT_PRODUCTS_DIR; };
		6140B5BF1F71741700F57D9D /* AppDelegate.swift */ = {isa = PBXFileReference; lastKnownFileType = sourcecode.swift; path = AppDelegate.swift; sourceTree = "<group>"; };
		6140B5C11F71741700F57D9D /* ViewController.swift */ = {isa = PBXFileReference; lastKnownFileType = sourcecode.swift; path = ViewController.swift; sourceTree = "<group>"; };
		6140B5C41F71741700F57D9D /* Base */ = {isa = PBXFileReference; lastKnownFileType = file.storyboard; name = Base; path = Base.lproj/Main.storyboard; sourceTree = "<group>"; };
		6140B5C61F71741700F57D9D /* Assets.xcassets */ = {isa = PBXFileReference; lastKnownFileType = folder.assetcatalog; path = Assets.xcassets; sourceTree = "<group>"; };
		6140B5C91F71741700F57D9D /* Base */ = {isa = PBXFileReference; lastKnownFileType = file.storyboard; name = Base; path = Base.lproj/LaunchScreen.storyboard; sourceTree = "<group>"; };
		6140B5CB1F71741700F57D9D /* Info.plist */ = {isa = PBXFileReference; lastKnownFileType = text.plist.xml; path = Info.plist; sourceTree = "<group>"; };
		6140B5D01F71741800F57D9D /* PersonUITests.xctest */ = {isa = PBXFileReference; explicitFileType = wrapper.cfbundle; includeInIndex = 0; path = PersonUITests.xctest; sourceTree = BUILT_PRODUCTS_DIR; };
		6140B5D41F71741800F57D9D /* PersonUITests.swift */ = {isa = PBXFileReference; lastKnownFileType = sourcecode.swift; path = PersonUITests.swift; sourceTree = "<group>"; };
		6140B5D61F71741800F57D9D /* Info.plist */ = {isa = PBXFileReference; lastKnownFileType = text.plist.xml; path = Info.plist; sourceTree = "<group>"; };
		6140B5DB1F71741800F57D9D /* PersonUIUITests.xctest */ = {isa = PBXFileReference; explicitFileType = wrapper.cfbundle; includeInIndex = 0; path = PersonUIUITests.xctest; sourceTree = BUILT_PRODUCTS_DIR; };
		6140B5DF1F71741800F57D9D /* PersonUIUITests.swift */ = {isa = PBXFileReference; lastKnownFileType = sourcecode.swift; path = PersonUIUITests.swift; sourceTree = "<group>"; };
		6140B5E11F71741800F57D9D /* Info.plist */ = {isa = PBXFileReference; lastKnownFileType = text.plist.xml; path = Info.plist; sourceTree = "<group>"; };
/* End PBXFileReference section */

/* Begin PBXFrameworksBuildPhase section */
		6140B5B91F71741700F57D9D /* Frameworks */ = {
			isa = PBXFrameworksBuildPhase;
			buildActionMask = 2147483647;
			files = (
			);
			runOnlyForDeploymentPostprocessing = 0;
		};
		6140B5CD1F71741800F57D9D /* Frameworks */ = {
			isa = PBXFrameworksBuildPhase;
			buildActionMask = 2147483647;
			files = (
			);
			runOnlyForDeploymentPostprocessing = 0;
		};
		6140B5D81F71741800F57D9D /* Frameworks */ = {
			isa = PBXFrameworksBuildPhase;
			buildActionMask = 2147483647;
			files = (
			);
			runOnlyForDeploymentPostprocessing = 0;
		};
/* End PBXFrameworksBuildPhase section */

/* Begin PBXGroup section */
		6140B5B31F71741700F57D9D = {
			isa = PBXGroup;
			children = (
				6140B5BE1F71741700F57D9D /* PersonUI */,
				6140B5D31F71741800F57D9D /* PersonUITests */,
				6140B5DE1F71741800F57D9D /* PersonUIUITests */,
				6140B5BD1F71741700F57D9D /* Products */,
			);
			sourceTree = "<group>";
		};
		6140B5BD1F71741700F57D9D /* Products */ = {
			isa = PBXGroup;
			children = (
				6140B5BC1F71741700F57D9D /* PersonUI.app */,
				6140B5D01F71741800F57D9D /* PersonUITests.xctest */,
				6140B5DB1F71741800F57D9D /* PersonUIUITests.xctest */,
			);
			name = Products;
			sourceTree = "<group>";
		};
		6140B5BE1F71741700F57D9D /* PersonUI */ = {
			isa = PBXGroup;
			children = (
				6140B5BF1F71741700F57D9D /* AppDelegate.swift */,
				6140B5C11F71741700F57D9D /* ViewController.swift */,
				6140B5C31F71741700F57D9D /* Main.storyboard */,
				6140B5C61F71741700F57D9D /* Assets.xcassets */,
				6140B5C81F71741700F57D9D /* LaunchScreen.storyboard */,
				6140B5CB1F71741700F57D9D /* Info.plist */,
			);
			path = PersonUI;
			sourceTree = "<group>";
		};
		6140B5D31F71741800F57D9D /* PersonUITests */ = {
			isa = PBXGroup;
			children = (
				6140B5D41F71741800F57D9D /* PersonUITests.swift */,
				6140B5D61F71741800F57D9D /* Info.plist */,
			);
			path = PersonUITests;
			sourceTree = "<group>";
		};
		6140B5DE1F71741800F57D9D /* PersonUIUITests */ = {
			isa = PBXGroup;
			children = (
				6140B5DF1F71741800F57D9D /* PersonUIUITests.swift */,
				6140B5E11F71741800F57D9D /* Info.plist */,
			);
			path = PersonUIUITests;
			sourceTree = "<group>";
		};
/* End PBXGroup section */

/* Begin PBXNativeTarget section */
		6140B5BB1F71741700F57D9D /* PersonUI */ = {
			isa = PBXNativeTarget;
			buildConfigurationList = 6140B5E41F71741800F57D9D /* Build configuration list for PBXNativeTarget "PersonUI" */;
			buildPhases = (
				6140B5B81F71741700F57D9D /* Sources */,
				6140B5B91F71741700F57D9D /* Frameworks */,
				6140B5BA1F71741700F57D9D /* Resources */,
			);
			buildRules = (
			);
			dependencies = (
			);
			name = PersonUI;
			productName = PersonUI;
			productReference = 6140B5BC1F71741700F57D9D /* PersonUI.app */;
			productType = "com.apple.product-type.application";
		};
		6140B5CF1F71741800F57D9D /* PersonUITests */ = {
			isa = PBXNativeTarget;
			buildConfigurationList = 6140B5E71F71741800F57D9D /* Build configuration list for PBXNativeTarget "PersonUITests" */;
			buildPhases = (
				6140B5CC1F71741800F57D9D /* Sources */,
				6140B5CD1F71741800F57D9D /* Frameworks */,
				6140B5CE1F71741800F57D9D /* Resources */,
			);
			buildRules = (
			);
			dependencies = (
				6140B5D21F71741800F57D9D /* PBXTargetDependency */,
			);
			name = PersonUITests;
			productName = PersonUITests;
			productReference = 6140B5D01F71741800F57D9D /* PersonUITests.xctest */;
			productType = "com.apple.product-type.bundle.unit-test";
		};
		6140B5DA1F71741800F57D9D /* PersonUIUITests */ = {
			isa = PBXNativeTarget;
			buildConfigurationList = 6140B5EA1F71741800F57D9D /* Build configuration list for PBXNativeTarget "PersonUIUITests" */;
			buildPhases = (
				6140B5D71F71741800F57D9D /* Sources */,
				6140B5D81F71741800F57D9D /* Frameworks */,
				6140B5D91F71741800F57D9D /* Resources */,
			);
			buildRules = (
			);
			dependencies = (
				6140B5DD1F71741800F57D9D /* PBXTargetDependency */,
			);
			name = PersonUIUITests;
			productName = PersonUIUITests;
			productReference = 6140B5DB1F71741800F57D9D /* PersonUIUITests.xctest */;
			productType = "com.apple.product-type.bundle.ui-testing";
		};
/* End PBXNativeTarget section */

/* Begin PBXProject section */
		6140B5B41F71741700F57D9D /* Project object */ = {
			isa = PBXProject;
			attributes = {
				LastSwiftUpdateCheck = 0900;
				LastUpgradeCheck = 0900;
				ORGANIZATIONNAME = "Chandler, Jackson C. (MU-Student)";
				TargetAttributes = {
					6140B5BB1F71741700F57D9D = {
						CreatedOnToolsVersion = 9.0;
						ProvisioningStyle = Automatic;
					};
					6140B5CF1F71741800F57D9D = {
						CreatedOnToolsVersion = 9.0;
						ProvisioningStyle = Automatic;
						TestTargetID = 6140B5BB1F71741700F57D9D;
					};
					6140B5DA1F71741800F57D9D = {
						CreatedOnToolsVersion = 9.0;
						ProvisioningStyle = Automatic;
						TestTargetID = 6140B5BB1F71741700F57D9D;
					};
				};
			};
			buildConfigurationList = 6140B5B71F71741700F57D9D /* Build configuration list for PBXProject "PersonUI" */;
			compatibilityVersion = "Xcode 8.0";
			developmentRegion = en;
			hasScannedForEncodings = 0;
			knownRegions = (
				en,
				Base,
			);
			mainGroup = 6140B5B31F71741700F57D9D;
			productRefGroup = 6140B5BD1F71741700F57D9D /* Products */;
			projectDirPath = "";
			projectRoot = "";
			targets = (
				6140B5BB1F71741700F57D9D /* PersonUI */,
				6140B5CF1F71741800F57D9D /* PersonUITests */,
				6140B5DA1F71741800F57D9D /* PersonUIUITests */,
			);
		};
/* End PBXProject section */

/* Begin PBXResourcesBuildPhase section */
		6140B5BA1F71741700F57D9D /* Resources */ = {
			isa = PBXResourcesBuildPhase;
			buildActionMask = 2147483647;
			files = (
				6140B5CA1F71741700F57D9D /* LaunchScreen.storyboard in Resources */,
				6140B5C71F71741700F57D9D /* Assets.xcassets in Resources */,
				6140B5C51F71741700F57D9D /* Main.storyboard in Resources */,
			);
			runOnlyForDeploymentPostprocessing = 0;
		};
		6140B5CE1F71741800F57D9D /* Resources */ = {
			isa = PBXResourcesBuildPhase;
			buildActionMask = 2147483647;
			files = (
			);
			runOnlyForDeploymentPostprocessing = 0;
		};
		6140B5D91F71741800F57D9D /* Resources */ = {
			isa = PBXResourcesBuildPhase;
			buildActionMask = 2147483647;
			files = (
			);
			runOnlyForDeploymentPostprocessing = 0;
		};
/* End PBXResourcesBuildPhase section */

/* Begin PBXSourcesBuildPhase section */
		6140B5B81F71741700F57D9D /* Sources */ = {
			isa = PBXSourcesBuildPhase;
			buildActionMask = 2147483647;
			files = (
				6140B5C21F71741700F57D9D /* ViewController.swift in Sources */,
				6140B5C01F71741700F57D9D /* AppDelegate.swift in Sources */,
			);
			runOnlyForDeploymentPostprocessing = 0;
		};
		6140B5CC1F71741800F57D9D /* Sources */ = {
			isa = PBXSourcesBuildPhase;
			buildActionMask = 2147483647;
			files = (
				6140B5D51F71741800F57D9D /* PersonUITests.swift in Sources */,
			);
			runOnlyForDeploymentPostprocessing = 0;
		};
		6140B5D71F71741800F57D9D /* Sources */ = {
			isa = PBXSourcesBuildPhase;
			buildActionMask = 2147483647;
			files = (
				6140B5E01F71741800F57D9D /* PersonUIUITests.swift in Sources */,
			);
			runOnlyForDeploymentPostprocessing = 0;
		};
/* End PBXSourcesBuildPhase section */

/* Begin PBXTargetDependency section */
		6140B5D21F71741800F57D9D /* PBXTargetDependency */ = {
			isa = PBXTargetDependency;
			target = 6140B5BB1F71741700F57D9D /* PersonUI */;
			targetProxy = 6140B5D11F71741800F57D9D /* PBXContainerItemProxy */;
		};
		6140B5DD1F71741800F57D9D /* PBXTargetDependency */ = {
			isa = PBXTargetDependency;
			target = 6140B5BB1F71741700F57D9D /* PersonUI */;
			targetProxy = 6140B5DC1F71741800F57D9D /* PBXContainerItemProxy */;
		};
/* End PBXTargetDependency section */

/* Begin PBXVariantGroup section */
		6140B5C31F71741700F57D9D /* Main.storyboard */ = {
			isa = PBXVariantGroup;
			children = (
				6140B5C41F71741700F57D9D /* Base */,
			);
			name = Main.storyboard;
			sourceTree = "<group>";
		};
		6140B5C81F71741700F57D9D /* LaunchScreen.storyboard */ = {
			isa = PBXVariantGroup;
			children = (
				6140B5C91F71741700F57D9D /* Base */,
			);
			name = LaunchScreen.storyboard;
			sourceTree = "<group>";
		};
/* End PBXVariantGroup section */

/* Begin XCBuildConfiguration section */
		6140B5E21F71741800F57D9D /* Debug */ = {
			isa = XCBuildConfiguration;
			buildSettings = {
				ALWAYS_SEARCH_USER_PATHS = NO;
				CLANG_ANALYZER_NONNULL = YES;
				CLANG_ANALYZER_NUMBER_OBJECT_CONVERSION = YES_AGGRESSIVE;
				CLANG_CXX_LANGUAGE_STANDARD = "gnu++14";
				CLANG_CXX_LIBRARY = "libc++";
				CLANG_ENABLE_MODULES = YES;
				CLANG_ENABLE_OBJC_ARC = YES;
				CLANG_WARN_BLOCK_CAPTURE_AUTORELEASING = YES;
				CLANG_WARN_BOOL_CONVERSION = YES;
				CLANG_WARN_COMMA = YES;
				CLANG_WARN_CONSTANT_CONVERSION = YES;
				CLANG_WARN_DIRECT_OBJC_ISA_USAGE = YES_ERROR;
				CLANG_WARN_DOCUMENTATION_COMMENTS = YES;
				CLANG_WARN_EMPTY_BODY = YES;
				CLANG_WARN_ENUM_CONVERSION = YES;
				CLANG_WARN_INFINITE_RECURSION = YES;
				CLANG_WARN_INT_CONVERSION = YES;
				CLANG_WARN_NON_LITERAL_NULL_CONVERSION = YES;
				CLANG_WARN_OBJC_LITERAL_CONVERSION = YES;
				CLANG_WARN_OBJC_ROOT_CLASS = YES_ERROR;
				CLANG_WARN_RANGE_LOOP_ANALYSIS = YES;
				CLANG_WARN_STRICT_PROTOTYPES = YES;
				CLANG_WARN_SUSPICIOUS_MOVE = YES;
				CLANG_WARN_UNGUARDED_AVAILABILITY = YES_AGGRESSIVE;
				CLANG_WARN_UNREACHABLE_CODE = YES;
				CLANG_WARN__DUPLICATE_METHOD_MATCH = YES;
				CODE_SIGN_IDENTITY = "iPhone Developer";
				COPY_PHASE_STRIP = NO;
				DEBUG_INFORMATION_FORMAT = dwarf;
				ENABLE_STRICT_OBJC_MSGSEND = YES;
				ENABLE_TESTABILITY = YES;
				GCC_C_LANGUAGE_STANDARD = gnu11;
				GCC_DYNAMIC_NO_PIC = NO;
				GCC_NO_COMMON_BLOCKS = YES;
				GCC_OPTIMIZATION_LEVEL = 0;
				GCC_PREPROCESSOR_DEFINITIONS = (
					"DEBUG=1",
					"$(inherited)",
				);
				GCC_WARN_64_TO_32_BIT_CONVERSION = YES;
				GCC_WARN_ABOUT_RETURN_TYPE = YES_ERROR;
				GCC_WARN_UNDECLARED_SELECTOR = YES;
				GCC_WARN_UNINITIALIZED_AUTOS = YES_AGGRESSIVE;
				GCC_WARN_UNUSED_FUNCTION = YES;
				GCC_WARN_UNUSED_VARIABLE = YES;
				IPHONEOS_DEPLOYMENT_TARGET = 11.0;
				MTL_ENABLE_DEBUG_INFO = YES;
				ONLY_ACTIVE_ARCH = YES;
				SDKROOT = iphoneos;
				SWIFT_ACTIVE_COMPILATION_CONDITIONS = DEBUG;
				SWIFT_OPTIMIZATION_LEVEL = "-Onone";
			};
			name = Debug;
		};
		6140B5E31F71741800F57D9D /* Release */ = {
			isa = XCBuildConfiguration;
			buildSettings = {
				ALWAYS_SEARCH_USER_PATHS = NO;
				CLANG_ANALYZER_NONNULL = YES;
				CLANG_ANALYZER_NUMBER_OBJECT_CONVERSION = YES_AGGRESSIVE;
				CLANG_CXX_LANGUAGE_STANDARD = "gnu++14";
				CLANG_CXX_LIBRARY = "libc++";
				CLANG_ENABLE_MODULES = YES;
				CLANG_ENABLE_OBJC_ARC = YES;
				CLANG_WARN_BLOCK_CAPTURE_AUTORELEASING = YES;
				CLANG_WARN_BOOL_CONVERSION = YES;
				CLANG_WARN_COMMA = YES;
				CLANG_WARN_CONSTANT_CONVERSION = YES;
				CLANG_WARN_DIRECT_OBJC_ISA_USAGE = YES_ERROR;
				CLANG_WARN_DOCUMENTATION_COMMENTS = YES;
				CLANG_WARN_EMPTY_BODY = YES;
				CLANG_WARN_ENUM_CONVERSION = YES;
				CLANG_WARN_INFINITE_RECURSION = YES;
				CLANG_WARN_INT_CONVERSION = YES;
				CLANG_WARN_NON_LITERAL_NULL_CONVERSION = YES;
				CLANG_WARN_OBJC_LITERAL_CONVERSION = YES;
				CLANG_WARN_OBJC_ROOT_CLASS = YES_ERROR;
				CLANG_WARN_RANGE_LOOP_ANALYSIS = YES;
				CLANG_WARN_STRICT_PROTOTYPES = YES;
				CLANG_WARN_SUSPICIOUS_MOVE = YES;
				CLANG_WARN_UNGUARDED_AVAILABILITY = YES_AGGRESSIVE;
				CLANG_WARN_UNREACHABLE_CODE = YES;
				CLANG_WARN__DUPLICATE_METHOD_MATCH = YES;
				CODE_SIGN_IDENTITY = "iPhone Developer";
				COPY_PHASE_STRIP = NO;
				DEBUG_INFORMATION_FORMAT = "dwarf-with-dsym";
				ENABLE_NS_ASSERTIONS = NO;
				ENABLE_STRICT_OBJC_MSGSEND = YES;
				GCC_C_LANGUAGE_STANDARD = gnu11;
				GCC_NO_COMMON_BLOCKS = YES;
				GCC_WARN_64_TO_32_BIT_CONVERSION = YES;
				GCC_WARN_ABOUT_RETURN_TYPE = YES_ERROR;
				GCC_WARN_UNDECLARED_SELECTOR = YES;
				GCC_WARN_UNINITIALIZED_AUTOS = YES_AGGRESSIVE;
				GCC_WARN_UNUSED_FUNCTION = YES;
				GCC_WARN_UNUSED_VARIABLE = YES;
				IPHONEOS_DEPLOYMENT_TARGET = 11.0;
				MTL_ENABLE_DEBUG_INFO = NO;
				SDKROOT = iphoneos;
				SWIFT_OPTIMIZATION_LEVEL = "-Owholemodule";
				VALIDATE_PRODUCT = YES;
			};
			name = Release;
		};
		6140B5E51F71741800F57D9D /* Debug */ = {
			isa = XCBuildConfiguration;
			buildSettings = {
				ASSETCATALOG_COMPILER_APPICON_NAME = AppIcon;
				CODE_SIGN_STYLE = Automatic;
				INFOPLIST_FILE = PersonUI/Info.plist;
				LD_RUNPATH_SEARCH_PATHS = "$(inherited) @executable_path/Frameworks";
				PRODUCT_BUNDLE_IDENTIFIER = jccyb4.PersonUI;
				PRODUCT_NAME = "$(TARGET_NAME)";
				SWIFT_VERSION = 4.0;
				TARGETED_DEVICE_FAMILY = "1,2";
			};
			name = Debug;
		};
		6140B5E61F71741800F57D9D /* Release */ = {
			isa = XCBuildConfiguration;
			buildSettings = {
				ASSETCATALOG_COMPILER_APPICON_NAME = AppIcon;
				CODE_SIGN_STYLE = Automatic;
				INFOPLIST_FILE = PersonUI/Info.plist;
				LD_RUNPATH_SEARCH_PATHS = "$(inherited) @executable_path/Frameworks";
				PRODUCT_BUNDLE_IDENTIFIER = jccyb4.PersonUI;
				PRODUCT_NAME = "$(TARGET_NAME)";
				SWIFT_VERSION = 4.0;
				TARGETED_DEVICE_FAMILY = "1,2";
			};
			name = Release;
		};
		6140B5E81F71741800F57D9D /* Debug */ = {
			isa = XCBuildConfiguration;
			buildSettings = {
				ALWAYS_EMBED_SWIFT_STANDARD_LIBRARIES = YES;
				BUNDLE_LOADER = "$(TEST_HOST)";
				CODE_SIGN_STYLE = Automatic;
				INFOPLIST_FILE = PersonUITests/Info.plist;
				LD_RUNPATH_SEARCH_PATHS = "$(inherited) @executable_path/Frameworks @loader_path/Frameworks";
				PRODUCT_BUNDLE_IDENTIFIER = jccyb4.PersonUITests;
				PRODUCT_NAME = "$(TARGET_NAME)";
				SWIFT_VERSION = 4.0;
				TARGETED_DEVICE_FAMILY = "1,2";
				TEST_HOST = "$(BUILT_PRODUCTS_DIR)/PersonUI.app/PersonUI";
			};
			name = Debug;
		};
		6140B5E91F71741800F57D9D /* Release */ = {
			isa = XCBuildConfiguration;
			buildSettings = {
				ALWAYS_EMBED_SWIFT_STANDARD_LIBRARIES = YES;
				BUNDLE_LOADER = "$(TEST_HOST)";
				CODE_SIGN_STYLE = Automatic;
				INFOPLIST_FILE = PersonUITests/Info.plist;
				LD_RUNPATH_SEARCH_PATHS = "$(inherited) @executable_path/Frameworks @loader_path/Frameworks";
				PRODUCT_BUNDLE_IDENTIFIER = jccyb4.PersonUITests;
				PRODUCT_NAME = "$(TARGET_NAME)";
				SWIFT_VERSION = 4.0;
				TARGETED_DEVICE_FAMILY = "1,2";
				TEST_HOST = "$(BUILT_PRODUCTS_DIR)/PersonUI.app/PersonUI";
			};
			name = Release;
		};
		6140B5EB1F71741800F57D9D /* Debug */ = {
			isa = XCBuildConfiguration;
			buildSettings = {
				ALWAYS_EMBED_SWIFT_STANDARD_LIBRARIES = YES;
				CODE_SIGN_STYLE = Automatic;
				INFOPLIST_FILE = PersonUIUITests/Info.plist;
				LD_RUNPATH_SEARCH_PATHS = "$(inherited) @executable_path/Frameworks @loader_path/Frameworks";
				PRODUCT_BUNDLE_IDENTIFIER = jccyb4.PersonUIUITests;
				PRODUCT_NAME = "$(TARGET_NAME)";
				SWIFT_VERSION = 4.0;
				TARGETED_DEVICE_FAMILY = "1,2";
				TEST_TARGET_NAME = PersonUI;
			};
			name = Debug;
		};
		6140B5EC1F71741800F57D9D /* Release */ = {
			isa = XCBuildConfiguration;
			buildSettings = {
				ALWAYS_EMBED_SWIFT_STANDARD_LIBRARIES = YES;
				CODE_SIGN_STYLE = Automatic;
				INFOPLIST_FILE = PersonUIUITests/Info.plist;
				LD_RUNPATH_SEARCH_PATHS = "$(inherited) @executable_path/Frameworks @loader_path/Frameworks";
				PRODUCT_BUNDLE_IDENTIFIER = jccyb4.PersonUIUITests;
				PRODUCT_NAME = "$(TARGET_NAME)";
				SWIFT_VERSION = 4.0;
				TARGETED_DEVICE_FAMILY = "1,2";
				TEST_TARGET_NAME = PersonUI;
			};
			name = Release;
		};
/* End XCBuildConfiguration section */

/* Begin XCConfigurationList section */
		6140B5B71F71741700F57D9D /* Build configuration list for PBXProject "PersonUI" */ = {
			isa = XCConfigurationList;
			buildConfigurations = (
				6140B5E21F71741800F57D9D /* Debug */,
				6140B5E31F71741800F57D9D /* Release */,
			);
			defaultConfigurationIsVisible = 0;
			defaultConfigurationName = Release;
		};
		6140B5E41F71741800F57D9D /* Build configuration list for PBXNativeTarget "PersonUI" */ = {
			isa = XCConfigurationList;
			buildConfigurations = (
				6140B5E51F71741800F57D9D /* Debug */,
				6140B5E61F71741800F57D9D /* Release */,
			);
			defaultConfigurationIsVisible = 0;
			defaultConfigurationName = Release;
		};
		6140B5E71F71741800F57D9D /* Build configuration list for PBXNativeTarget "PersonUITests" */ = {
			isa = XCConfigurationList;
			buildConfigurations = (
				6140B5E81F71741800F57D9D /* Debug */,
				6140B5E91F71741800F57D9D /* Release */,
			);
			defaultConfigurationIsVisible = 0;
			defaultConfigurationName = Release;
		};
		6140B5EA1F71741800F57D9D /* Build configuration list for PBXNativeTarget "PersonUIUITests" */ = {
			isa = XCConfigurationList;
			buildConfigurations = (
				6140B5EB1F71741800F57D9D /* Debug */,
				6140B5EC1F71741800F57D9D /* Release */,
			);
			defaultConfigurationIsVisible = 0;
			defaultConfigurationName = Release;
		};
/* End XCConfigurationList section */
	};
	rootObject = 6140B5B41F71741700F57D9D /* Project object */;
}
